
Microsoft Visual Studio Solution File, Format Version 12.00
# Visual Studio Version 17
VisualStudioVersion = 17.6.33723.286
MinimumVisualStudioVersion = 10.0.40219.1
Project("{FAE04EC0-301F-11D3-BF4B-00C04F79EFBC}") = "WebApiAutores", "WebApiAutores\WebApiAutores.csproj", "{191FAE6E-F0E1-4D83-AB40-08842D963329}"
EndProject
Global
	GlobalSection(SolutionConfigurationPlatforms) = preSolution
		Debug|Any CPU = Debug|Any CPU
		Release|Any CPU = Release|Any CPU
	EndGlobalSection
	GlobalSection(ProjectConfigurationPlatforms) = postSolution
		{191FAE6E-F0E1-4D83-AB40-08842D963329}.Debug|Any CPU.ActiveCfg = Debug|Any CPU
		{191FAE6E-F0E1-4D83-AB40-08842D963329}.Debug|Any CPU.Build.0 = Debug|Any CPU
		{191FAE6E-F0E1-4D83-AB40-08842D963329}.Release|Any CPU.ActiveCfg = Release|Any CPU
		{191FAE6E-F0E1-4D83-AB40-08842D963329}.Release|Any CPU.Build.0 = Release|Any CPU
	EndGlobalSection
	GlobalSection(SolutionProperties) = preSolution
		HideSolutionNode = FALSE
	EndGlobalSection
	GlobalSection(ExtensibilityGlobals) = postSolution
		SolutionGuid = {4CC69803-7FBB-41F7-B743-888A60CCD999}
	EndGlobalSection
EndGlobal
