
Microsoft Visual Studio Solution File, Format Version 12.00
# Visual Studio Version 17
VisualStudioVersion = 17.6.33815.320
MinimumVisualStudioVersion = 10.0.40219.1
Project("{9A19103F-16F7-4668-BE54-9A1E7A4F7556}") = "PeliculasAPI", "PeliculasAPI\PeliculasAPI.csproj", "{396B5141-E692-4B02-94C3-130805AC8D20}"
EndProject
Project("{FAE04EC0-301F-11D3-BF4B-00C04F79EFBC}") = "PeliculasAPI.Tests", "PeliculasAPI.Tests\PeliculasAPI.Tests.csproj", "{8D8492C0-5DF8-4EA5-B13B-3C5282EFC909}"
EndProject
Global
	GlobalSection(SolutionConfigurationPlatforms) = preSolution
		Debug|Any CPU = Debug|Any CPU
		Release|Any CPU = Release|Any CPU
	EndGlobalSection
	GlobalSection(ProjectConfigurationPlatforms) = postSolution
		{396B5141-E692-4B02-94C3-130805AC8D20}.Debug|Any CPU.ActiveCfg = Debug|Any CPU
		{396B5141-E692-4B02-94C3-130805AC8D20}.Debug|Any CPU.Build.0 = Debug|Any CPU
		{396B5141-E692-4B02-94C3-130805AC8D20}.Release|Any CPU.ActiveCfg = Release|Any CPU
		{396B5141-E692-4B02-94C3-130805AC8D20}.Release|Any CPU.Build.0 = Release|Any CPU
		{8D8492C0-5DF8-4EA5-B13B-3C5282EFC909}.Debug|Any CPU.ActiveCfg = Debug|Any CPU
		{8D8492C0-5DF8-4EA5-B13B-3C5282EFC909}.Debug|Any CPU.Build.0 = Debug|Any CPU
		{8D8492C0-5DF8-4EA5-B13B-3C5282EFC909}.Release|Any CPU.ActiveCfg = Release|Any CPU
		{8D8492C0-5DF8-4EA5-B13B-3C5282EFC909}.Release|Any CPU.Build.0 = Release|Any CPU
	EndGlobalSection
	GlobalSection(SolutionProperties) = preSolution
		HideSolutionNode = FALSE
	EndGlobalSection
	GlobalSection(ExtensibilityGlobals) = postSolution
		SolutionGuid = {91822DE3-3EF3-453E-84AE-3D59D803F57E}
	EndGlobalSection
EndGlobal
